// !$*UTF8*$!
{
	archiveVersion = 1;
	classes = {
	};
	objectVersion = 77;
	objects = {

/* Begin PBXBuildFile section */
		5C69BE2E2D53B41800B4A491 /* Web3Auth in Frameworks */ = {isa = PBXBuildFile; productRef = 5C69BE2D2D53B41800B4A491 /* Web3Auth */; };
		5C69BE352D53B4CB00B4A491 /* web3-zksync.swift in Frameworks */ = {isa = PBXBuildFile; productRef = 5C69BE342D53B4CB00B4A491 /* web3-zksync.swift */; };
		5C69BE372D53B4CB00B4A491 /* web3.swift in Frameworks */ = {isa = PBXBuildFile; productRef = 5C69BE362D53B4CB00B4A491 /* web3.swift */; };
		5C69BE7B2D53EE4E00B4A491 /* QuickPoseCamera in Frameworks */ = {isa = PBXBuildFile; productRef = 5C69BE7A2D53EE4E00B4A491 /* QuickPoseCamera */; };
		5C69BE7D2D53EE4E00B4A491 /* QuickPoseCore in Frameworks */ = {isa = PBXBuildFile; productRef = 5C69BE7C2D53EE4E00B4A491 /* QuickPoseCore */; };
		5C69BE832D53EE4E00B4A491 /* QuickPoseMP-heavy in Frameworks */ = {isa = PBXBuildFile; productRef = 5C69BE822D53EE4E00B4A491 /* QuickPoseMP-heavy */; };
		5C69BE852D53EE4E00B4A491 /* QuickPoseSwiftUI in Frameworks */ = {isa = PBXBuildFile; productRef = 5C69BE842D53EE4E00B4A491 /* QuickPoseSwiftUI */; };
/* End PBXBuildFile section */

/* Begin PBXFileReference section */
		5C69BDFA2D53B37400B4A491 /* Craft.app */ = {isa = PBXFileReference; explicitFileType = wrapper.application; includeInIndex = 0; path = Craft.app; sourceTree = BUILT_PRODUCTS_DIR; };
/* End PBXFileReference section */

/* Begin PBXFileSystemSynchronizedRootGroup section */
		5C69BDFC2D53B37400B4A491 /* Craft */ = {
			isa = PBXFileSystemSynchronizedRootGroup;
			path = Craft;
			sourceTree = "<group>";
		};
/* End PBXFileSystemSynchronizedRootGroup section */

/* Begin PBXFrameworksBuildPhase section */
		5C69BDF72D53B37400B4A491 /* Frameworks */ = {
			isa = PBXFrameworksBuildPhase;
			buildActionMask = 2147483647;
			files = (
				5C69BE7B2D53EE4E00B4A491 /* QuickPoseCamera in Frameworks */,
				5C69BE852D53EE4E00B4A491 /* QuickPoseSwiftUI in Frameworks */,
				5C69BE7D2D53EE4E00B4A491 /* QuickPoseCore in Frameworks */,
				5C69BE352D53B4CB00B4A491 /* web3-zksync.swift in Frameworks */,
				5C69BE372D53B4CB00B4A491 /* web3.swift in Frameworks */,
				5C69BE832D53EE4E00B4A491 /* QuickPoseMP-heavy in Frameworks */,
				5C69BE2E2D53B41800B4A491 /* Web3Auth in Frameworks */,
			);
			runOnlyForDeploymentPostprocessing = 0;
		};
/* End PBXFrameworksBuildPhase section */

/* Begin PBXGroup section */
		5C69BDF12D53B37400B4A491 = {
			isa = PBXGroup;
			children = (
				5C69BDFC2D53B37400B4A491 /* Craft */,
				5C69BDFB2D53B37400B4A491 /* Products */,
			);
			sourceTree = "<group>";
		};
		5C69BDFB2D53B37400B4A491 /* Products */ = {
			isa = PBXGroup;
			children = (
				5C69BDFA2D53B37400B4A491 /* Craft.app */,
			);
			name = Products;
			sourceTree = "<group>";
		};
/* End PBXGroup section */

/* Begin PBXNativeTarget section */
		5C69BDF92D53B37400B4A491 /* Craft */ = {
			isa = PBXNativeTarget;
			buildConfigurationList = 5C69BE082D53B37600B4A491 /* Build configuration list for PBXNativeTarget "Craft" */;
			buildPhases = (
				5C69BDF62D53B37400B4A491 /* Sources */,
				5C69BDF72D53B37400B4A491 /* Frameworks */,
				5C69BDF82D53B37400B4A491 /* Resources */,
			);
			buildRules = (
			);
			dependencies = (
			);
			fileSystemSynchronizedGroups = (
				5C69BDFC2D53B37400B4A491 /* Craft */,
			);
			name = Craft;
			packageProductDependencies = (
				5C69BE2D2D53B41800B4A491 /* Web3Auth */,
				5C69BE342D53B4CB00B4A491 /* web3-zksync.swift */,
				5C69BE362D53B4CB00B4A491 /* web3.swift */,
				5C69BE7A2D53EE4E00B4A491 /* QuickPoseCamera */,
				5C69BE7C2D53EE4E00B4A491 /* QuickPoseCore */,
				5C69BE822D53EE4E00B4A491 /* QuickPoseMP-heavy */,
				5C69BE842D53EE4E00B4A491 /* QuickPoseSwiftUI */,
			);
			productName = Craft;
			productReference = 5C69BDFA2D53B37400B4A491 /* Craft.app */;
			productType = "com.apple.product-type.application";
		};
/* End PBXNativeTarget section */

/* Begin PBXProject section */
		5C69BDF22D53B37400B4A491 /* Project object */ = {
			isa = PBXProject;
			attributes = {
				BuildIndependentTargetsInParallel = 1;
				LastSwiftUpdateCheck = 1600;
				LastUpgradeCheck = 1600;
				TargetAttributes = {
					5C69BDF92D53B37400B4A491 = {
						CreatedOnToolsVersion = 16.0;
					};
				};
			};
			buildConfigurationList = 5C69BDF52D53B37400B4A491 /* Build configuration list for PBXProject "Craft" */;
			developmentRegion = en;
			hasScannedForEncodings = 0;
			knownRegions = (
				en,
				Base,
			);
			mainGroup = 5C69BDF12D53B37400B4A491;
			minimizedProjectReferenceProxies = 1;
			packageReferences = (
				5C69BE2C2D53B41800B4A491 /* XCRemoteSwiftPackageReference "web3auth-swift-sdk" */,
				5C69BE332D53B4CB00B4A491 /* XCRemoteSwiftPackageReference "web3" */,
				5C69BE792D53EE4E00B4A491 /* XCRemoteSwiftPackageReference "quickpose-ios-sdk" */,
			);
			preferredProjectObjectVersion = 77;
			productRefGroup = 5C69BDFB2D53B37400B4A491 /* Products */;
			projectDirPath = "";
			projectRoot = "";
			targets = (
				5C69BDF92D53B37400B4A491 /* Craft */,
			);
		};
/* End PBXProject section */

/* Begin PBXResourcesBuildPhase section */
		5C69BDF82D53B37400B4A491 /* Resources */ = {
			isa = PBXResourcesBuildPhase;
			buildActionMask = 2147483647;
			files = (
			);
			runOnlyForDeploymentPostprocessing = 0;
		};
/* End PBXResourcesBuildPhase section */

/* Begin PBXSourcesBuildPhase section */
		5C69BDF62D53B37400B4A491 /* Sources */ = {
			isa = PBXSourcesBuildPhase;
			buildActionMask = 2147483647;
			files = (
			);
			runOnlyForDeploymentPostprocessing = 0;
		};
/* End PBXSourcesBuildPhase section */

/* Begin XCBuildConfiguration section */
		5C69BE062D53B37600B4A491 /* Debug */ = {
			isa = XCBuildConfiguration;
			buildSettings = {
				ALWAYS_SEARCH_USER_PATHS = NO;
				ASSETCATALOG_COMPILER_GENERATE_SWIFT_ASSET_SYMBOL_EXTENSIONS = YES;
				CLANG_ANALYZER_NONNULL = YES;
				CLANG_ANALYZER_NUMBER_OBJECT_CONVERSION = YES_AGGRESSIVE;
				CLANG_CXX_LANGUAGE_STANDARD = "gnu++20";
				CLANG_ENABLE_MODULES = YES;
				CLANG_ENABLE_OBJC_ARC = YES;
				CLANG_ENABLE_OBJC_WEAK = YES;
				CLANG_WARN_BLOCK_CAPTURE_AUTORELEASING = YES;
				CLANG_WARN_BOOL_CONVERSION = YES;
				CLANG_WARN_COMMA = YES;
				CLANG_WARN_CONSTANT_CONVERSION = YES;
				CLANG_WARN_DEPRECATED_OBJC_IMPLEMENTATIONS = YES;
				CLANG_WARN_DIRECT_OBJC_ISA_USAGE = YES_ERROR;
				CLANG_WARN_DOCUMENTATION_COMMENTS = YES;
				CLANG_WARN_EMPTY_BODY = YES;
				CLANG_WARN_ENUM_CONVERSION = YES;
				CLANG_WARN_INFINITE_RECURSION = YES;
				CLANG_WARN_INT_CONVERSION = YES;
				CLANG_WARN_NON_LITERAL_NULL_CONVERSION = YES;
				CLANG_WARN_OBJC_IMPLICIT_RETAIN_SELF = YES;
				CLANG_WARN_OBJC_LITERAL_CONVERSION = YES;
				CLANG_WARN_OBJC_ROOT_CLASS = YES_ERROR;
				CLANG_WARN_QUOTED_INCLUDE_IN_FRAMEWORK_HEADER = YES;
				CLANG_WARN_RANGE_LOOP_ANALYSIS = YES;
				CLANG_WARN_STRICT_PROTOTYPES = YES;
				CLANG_WARN_SUSPICIOUS_MOVE = YES;
				CLANG_WARN_UNGUARDED_AVAILABILITY = YES_AGGRESSIVE;
				CLANG_WARN_UNREACHABLE_CODE = YES;
				CLANG_WARN__DUPLICATE_METHOD_MATCH = YES;
				COPY_PHASE_STRIP = NO;
				DEBUG_INFORMATION_FORMAT = dwarf;
				ENABLE_STRICT_OBJC_MSGSEND = YES;
				ENABLE_TESTABILITY = YES;
				ENABLE_USER_SCRIPT_SANDBOXING = YES;
				GCC_C_LANGUAGE_STANDARD = gnu17;
				GCC_DYNAMIC_NO_PIC = NO;
				GCC_NO_COMMON_BLOCKS = YES;
				GCC_OPTIMIZATION_LEVEL = 0;
				GCC_PREPROCESSOR_DEFINITIONS = (
					"DEBUG=1",
					"$(inherited)",
				);
				GCC_WARN_64_TO_32_BIT_CONVERSION = YES;
				GCC_WARN_ABOUT_RETURN_TYPE = YES_ERROR;
				GCC_WARN_UNDECLARED_SELECTOR = YES;
				GCC_WARN_UNINITIALIZED_AUTOS = YES_AGGRESSIVE;
				GCC_WARN_UNUSED_FUNCTION = YES;
				GCC_WARN_UNUSED_VARIABLE = YES;
				IPHONEOS_DEPLOYMENT_TARGET = 18.0;
				LOCALIZATION_PREFERS_STRING_CATALOGS = YES;
				MTL_ENABLE_DEBUG_INFO = INCLUDE_SOURCE;
				MTL_FAST_MATH = YES;
				ONLY_ACTIVE_ARCH = YES;
				SDKROOT = iphoneos;
				SWIFT_ACTIVE_COMPILATION_CONDITIONS = "DEBUG $(inherited)";
				SWIFT_OPTIMIZATION_LEVEL = "-Onone";
			};
			name = Debug;
		};
		5C69BE072D53B37600B4A491 /* Release */ = {
			isa = XCBuildConfiguration;
			buildSettings = {
				ALWAYS_SEARCH_USER_PATHS = NO;
				ASSETCATALOG_COMPILER_GENERATE_SWIFT_ASSET_SYMBOL_EXTENSIONS = YES;
				CLANG_ANALYZER_NONNULL = YES;
				CLANG_ANALYZER_NUMBER_OBJECT_CONVERSION = YES_AGGRESSIVE;
				CLANG_CXX_LANGUAGE_STANDARD = "gnu++20";
				CLANG_ENABLE_MODULES = YES;
				CLANG_ENABLE_OBJC_ARC = YES;
				CLANG_ENABLE_OBJC_WEAK = YES;
				CLANG_WARN_BLOCK_CAPTURE_AUTORELEASING = YES;
				CLANG_WARN_BOOL_CONVERSION = YES;
				CLANG_WARN_COMMA = YES;
				CLANG_WARN_CONSTANT_CONVERSION = YES;
				CLANG_WARN_DEPRECATED_OBJC_IMPLEMENTATIONS = YES;
				CLANG_WARN_DIRECT_OBJC_ISA_USAGE = YES_ERROR;
				CLANG_WARN_DOCUMENTATION_COMMENTS = YES;
				CLANG_WARN_EMPTY_BODY = YES;
				CLANG_WARN_ENUM_CONVERSION = YES;
				CLANG_WARN_INFINITE_RECURSION = YES;
				CLANG_WARN_INT_CONVERSION = YES;
				CLANG_WARN_NON_LITERAL_NULL_CONVERSION = YES;
				CLANG_WARN_OBJC_IMPLICIT_RETAIN_SELF = YES;
				CLANG_WARN_OBJC_LITERAL_CONVERSION = YES;
				CLANG_WARN_OBJC_ROOT_CLASS = YES_ERROR;
				CLANG_WARN_QUOTED_INCLUDE_IN_FRAMEWORK_HEADER = YES;
				CLANG_WARN_RANGE_LOOP_ANALYSIS = YES;
				CLANG_WARN_STRICT_PROTOTYPES = YES;
				CLANG_WARN_SUSPICIOUS_MOVE = YES;
				CLANG_WARN_UNGUARDED_AVAILABILITY = YES_AGGRESSIVE;
				CLANG_WARN_UNREACHABLE_CODE = YES;
				CLANG_WARN__DUPLICATE_METHOD_MATCH = YES;
				COPY_PHASE_STRIP = NO;
				DEBUG_INFORMATION_FORMAT = "dwarf-with-dsym";
				ENABLE_NS_ASSERTIONS = NO;
				ENABLE_STRICT_OBJC_MSGSEND = YES;
				ENABLE_USER_SCRIPT_SANDBOXING = YES;
				GCC_C_LANGUAGE_STANDARD = gnu17;
				GCC_NO_COMMON_BLOCKS = YES;
				GCC_WARN_64_TO_32_BIT_CONVERSION = YES;
				GCC_WARN_ABOUT_RETURN_TYPE = YES_ERROR;
				GCC_WARN_UNDECLARED_SELECTOR = YES;
				GCC_WARN_UNINITIALIZED_AUTOS = YES_AGGRESSIVE;
				GCC_WARN_UNUSED_FUNCTION = YES;
				GCC_WARN_UNUSED_VARIABLE = YES;
				IPHONEOS_DEPLOYMENT_TARGET = 18.0;
				LOCALIZATION_PREFERS_STRING_CATALOGS = YES;
				MTL_ENABLE_DEBUG_INFO = NO;
				MTL_FAST_MATH = YES;
				SDKROOT = iphoneos;
				SWIFT_COMPILATION_MODE = wholemodule;
				VALIDATE_PRODUCT = YES;
			};
			name = Release;
		};
		5C69BE092D53B37600B4A491 /* Debug */ = {
			isa = XCBuildConfiguration;
			buildSettings = {
				ASSETCATALOG_COMPILER_APPICON_NAME = AppIcon;
				ASSETCATALOG_COMPILER_GLOBAL_ACCENT_COLOR_NAME = AccentColor;
				CODE_SIGN_STYLE = Automatic;
				CURRENT_PROJECT_VERSION = 1;
				DEVELOPMENT_ASSET_PATHS = "\"Craft/Preview Content\"";
				DEVELOPMENT_TEAM = TS4RX6E9KD;
				ENABLE_PREVIEWS = YES;
				GENERATE_INFOPLIST_FILE = YES;
				INFOPLIST_KEY_NSCameraUsageDescription = "Need camera access to record motion";
				INFOPLIST_KEY_NSMicrophoneUsageDescription = "Need mic access to record content";
				INFOPLIST_KEY_UIApplicationSceneManifest_Generation = YES;
				INFOPLIST_KEY_UIApplicationSupportsIndirectInputEvents = YES;
				INFOPLIST_KEY_UILaunchScreen_Generation = YES;
				INFOPLIST_KEY_UISupportedInterfaceOrientations_iPad = "UIInterfaceOrientationPortrait UIInterfaceOrientationPortraitUpsideDown UIInterfaceOrientationLandscapeLeft UIInterfaceOrientationLandscapeRight";
				INFOPLIST_KEY_UISupportedInterfaceOrientations_iPhone = "UIInterfaceOrientationPortrait UIInterfaceOrientationLandscapeLeft UIInterfaceOrientationLandscapeRight";
				LD_RUNPATH_SEARCH_PATHS = (
					"$(inherited)",
					"@executable_path/Frameworks",
				);
				MARKETING_VERSION = 1.0;
				PRODUCT_BUNDLE_IDENTIFIER = com.alok.addy;
				PRODUCT_NAME = "$(TARGET_NAME)";
				SWIFT_EMIT_LOC_STRINGS = YES;
				SWIFT_VERSION = 5.0;
				TARGETED_DEVICE_FAMILY = "1,2";
			};
			name = Debug;
		};
		5C69BE0A2D53B37600B4A491 /* Release */ = {
			isa = XCBuildConfiguration;
			buildSettings = {
				ASSETCATALOG_COMPILER_APPICON_NAME = AppIcon;
				ASSETCATALOG_COMPILER_GLOBAL_ACCENT_COLOR_NAME = AccentColor;
				CODE_SIGN_STYLE = Automatic;
				CURRENT_PROJECT_VERSION = 1;
				DEVELOPMENT_ASSET_PATHS = "\"Craft/Preview Content\"";
				DEVELOPMENT_TEAM = TS4RX6E9KD;
				ENABLE_PREVIEWS = YES;
				GENERATE_INFOPLIST_FILE = YES;
				INFOPLIST_KEY_NSCameraUsageDescription = "Need camera access to record motion";
				INFOPLIST_KEY_NSMicrophoneUsageDescription = "Need mic access to record content";
				INFOPLIST_KEY_UIApplicationSceneManifest_Generation = YES;
				INFOPLIST_KEY_UIApplicationSupportsIndirectInputEvents = YES;
				INFOPLIST_KEY_UILaunchScreen_Generation = YES;
				INFOPLIST_KEY_UISupportedInterfaceOrientations_iPad = "UIInterfaceOrientationPortrait UIInterfaceOrientationPortraitUpsideDown UIInterfaceOrientationLandscapeLeft UIInterfaceOrientationLandscapeRight";
				INFOPLIST_KEY_UISupportedInterfaceOrientations_iPhone = "UIInterfaceOrientationPortrait UIInterfaceOrientationLandscapeLeft UIInterfaceOrientationLandscapeRight";
				LD_RUNPATH_SEARCH_PATHS = (
					"$(inherited)",
					"@executable_path/Frameworks",
				);
				MARKETING_VERSION = 1.0;
				PRODUCT_BUNDLE_IDENTIFIER = com.alok.addy;
				PRODUCT_NAME = "$(TARGET_NAME)";
				SWIFT_EMIT_LOC_STRINGS = YES;
				SWIFT_VERSION = 5.0;
				TARGETED_DEVICE_FAMILY = "1,2";
			};
			name = Release;
		};
/* End XCBuildConfiguration section */

/* Begin XCConfigurationList section */
		5C69BDF52D53B37400B4A491 /* Build configuration list for PBXProject "Craft" */ = {
			isa = XCConfigurationList;
			buildConfigurations = (
				5C69BE062D53B37600B4A491 /* Debug */,
				5C69BE072D53B37600B4A491 /* Release */,
			);
			defaultConfigurationIsVisible = 0;
			defaultConfigurationName = Release;
		};
		5C69BE082D53B37600B4A491 /* Build configuration list for PBXNativeTarget "Craft" */ = {
			isa = XCConfigurationList;
			buildConfigurations = (
				5C69BE092D53B37600B4A491 /* Debug */,
				5C69BE0A2D53B37600B4A491 /* Release */,
			);
			defaultConfigurationIsVisible = 0;
			defaultConfigurationName = Release;
		};
/* End XCConfigurationList section */

/* Begin XCRemoteSwiftPackageReference section */
		5C69BE2C2D53B41800B4A491 /* XCRemoteSwiftPackageReference "web3auth-swift-sdk" */ = {
			isa = XCRemoteSwiftPackageReference;
			repositoryURL = "https://github.com/web3auth/web3auth-swift-sdk";
			requirement = {
				kind = upToNextMajorVersion;
				minimumVersion = 11.0.5;
			};
		};
		5C69BE332D53B4CB00B4A491 /* XCRemoteSwiftPackageReference "web3" */ = {
			isa = XCRemoteSwiftPackageReference;
			repositoryURL = "https://github.com/argentlabs/web3.swift";
			requirement = {
				kind = upToNextMajorVersion;
				minimumVersion = 1.6.1;
			};
		};
		5C69BE792D53EE4E00B4A491 /* XCRemoteSwiftPackageReference "quickpose-ios-sdk" */ = {
			isa = XCRemoteSwiftPackageReference;
			repositoryURL = "https://github.com/quickpose/quickpose-ios-sdk.git";
			requirement = {
				branch = main;
				kind = branch;
			};
		};
/* End XCRemoteSwiftPackageReference section */

/* Begin XCSwiftPackageProductDependency section */
		5C69BE2D2D53B41800B4A491 /* Web3Auth */ = {
			isa = XCSwiftPackageProductDependency;
			package = 5C69BE2C2D53B41800B4A491 /* XCRemoteSwiftPackageReference "web3auth-swift-sdk" */;
			productName = Web3Auth;
		};
		5C69BE342D53B4CB00B4A491 /* web3-zksync.swift */ = {
			isa = XCSwiftPackageProductDependency;
			package = 5C69BE332D53B4CB00B4A491 /* XCRemoteSwiftPackageReference "web3" */;
			productName = "web3-zksync.swift";
		};
		5C69BE362D53B4CB00B4A491 /* web3.swift */ = {
			isa = XCSwiftPackageProductDependency;
			package = 5C69BE332D53B4CB00B4A491 /* XCRemoteSwiftPackageReference "web3" */;
			productName = web3.swift;
		};
		5C69BE7A2D53EE4E00B4A491 /* QuickPoseCamera */ = {
			isa = XCSwiftPackageProductDependency;
			package = 5C69BE792D53EE4E00B4A491 /* XCRemoteSwiftPackageReference "quickpose-ios-sdk" */;
			productName = QuickPoseCamera;
		};
		5C69BE7C2D53EE4E00B4A491 /* QuickPoseCore */ = {
			isa = XCSwiftPackageProductDependency;
			package = 5C69BE792D53EE4E00B4A491 /* XCRemoteSwiftPackageReference "quickpose-ios-sdk" */;
			productName = QuickPoseCore;
		};
		5C69BE822D53EE4E00B4A491 /* QuickPoseMP-heavy */ = {
			isa = XCSwiftPackageProductDependency;
			package = 5C69BE792D53EE4E00B4A491 /* XCRemoteSwiftPackageReference "quickpose-ios-sdk" */;
			productName = "QuickPoseMP-heavy";
		};
		5C69BE842D53EE4E00B4A491 /* QuickPoseSwiftUI */ = {
			isa = XCSwiftPackageProductDependency;
			package = 5C69BE792D53EE4E00B4A491 /* XCRemoteSwiftPackageReference "quickpose-ios-sdk" */;
			productName = QuickPoseSwiftUI;
		};
/* End XCSwiftPackageProductDependency section */
	};
	rootObject = 5C69BDF22D53B37400B4A491 /* Project object */;
}
